
Microsoft Visual Studio Solution File, Format Version 12.00
# Visual Studio Version 16
VisualStudioVersion = 16.0.30320.27
MinimumVisualStudioVersion = 10.0.40219.1
Project("{8BC9CEB8-8B4A-11D0-8D11-00A0C91BC942}") = "week6", "week6\week6.vcxproj", "{5837A4EE-BFD3-461F-B8D7-6C7CEE938858}"
EndProject
Global
	GlobalSection(SolutionConfigurationPlatforms) = preSolution
		Debug|x64 = Debug|x64
		Debug|x86 = Debug|x86
		Release|x64 = Release|x64
		Release|x86 = Release|x86
	EndGlobalSection
	GlobalSection(ProjectConfigurationPlatforms) = postSolution
		{5837A4EE-BFD3-461F-B8D7-6C7CEE938858}.Debug|x64.ActiveCfg = Debug|x64
		{5837A4EE-BFD3-461F-B8D7-6C7CEE938858}.Debug|x64.Build.0 = Debug|x64
		{5837A4EE-BFD3-461F-B8D7-6C7CEE938858}.Debug|x86.ActiveCfg = Debug|Win32
		{5837A4EE-BFD3-461F-B8D7-6C7CEE938858}.Debug|x86.Build.0 = Debug|Win32
		{5837A4EE-BFD3-461F-B8D7-6C7CEE938858}.Release|x64.ActiveCfg = Release|x64
		{5837A4EE-BFD3-461F-B8D7-6C7CEE938858}.Release|x64.Build.0 = Release|x64
		{5837A4EE-BFD3-461F-B8D7-6C7CEE938858}.Release|x86.ActiveCfg = Release|Win32
		{5837A4EE-BFD3-461F-B8D7-6C7CEE938858}.Release|x86.Build.0 = Release|Win32
	EndGlobalSection
	GlobalSection(SolutionProperties) = preSolution
		HideSolutionNode = FALSE
	EndGlobalSection
	GlobalSection(ExtensibilityGlobals) = postSolution
		SolutionGuid = {B4F6A60A-EBEE-43D9-9125-97A3FA316236}
	EndGlobalSection
EndGlobal
